// !$*UTF8*$!
{
	archiveVersion = 1;
	classes = {
	};
	objectVersion = 55;
	objects = {

/* Begin PBXBuildFile section */
		5D8710942BB177EA00959BFC /* AppDelegate.swift in Sources */ = {isa = PBXBuildFile; fileRef = 5D8710932BB177EA00959BFC /* AppDelegate.swift */; };
		5D8710962BB177EA00959BFC /* SceneDelegate.swift in Sources */ = {isa = PBXBuildFile; fileRef = 5D8710952BB177EA00959BFC /* SceneDelegate.swift */; };
		5D8710982BB177EA00959BFC /* ViewController.swift in Sources */ = {isa = PBXBuildFile; fileRef = 5D8710972BB177EA00959BFC /* ViewController.swift */; };
		5D87109E2BB177EA00959BFC /* FoodDeliveryApp.xcdatamodeld in Sources */ = {isa = PBXBuildFile; fileRef = 5D87109C2BB177EA00959BFC /* FoodDeliveryApp.xcdatamodeld */; };
		5D8710A02BB177EC00959BFC /* Assets.xcassets in Resources */ = {isa = PBXBuildFile; fileRef = 5D87109F2BB177EC00959BFC /* Assets.xcassets */; };
		5D8710A32BB177EC00959BFC /* LaunchScreen.storyboard in Resources */ = {isa = PBXBuildFile; fileRef = 5D8710A12BB177EC00959BFC /* LaunchScreen.storyboard */; };
		5D8710BA2BB17EBF00959BFC /* Roboto-Medium.ttf in Resources */ = {isa = PBXBuildFile; fileRef = 5D8710AD2BB17EBF00959BFC /* Roboto-Medium.ttf */; };
		5D8710BB2BB17EBF00959BFC /* Roboto-Light.ttf in Resources */ = {isa = PBXBuildFile; fileRef = 5D8710AE2BB17EBF00959BFC /* Roboto-Light.ttf */; };
		5D8710BC2BB17EBF00959BFC /* Roboto-Regular.ttf in Resources */ = {isa = PBXBuildFile; fileRef = 5D8710AF2BB17EBF00959BFC /* Roboto-Regular.ttf */; };
		5D8710BD2BB17EBF00959BFC /* Roboto-MediumItalic.ttf in Resources */ = {isa = PBXBuildFile; fileRef = 5D8710B02BB17EBF00959BFC /* Roboto-MediumItalic.ttf */; };
		5D8710BE2BB17EBF00959BFC /* Roboto-ThinItalic.ttf in Resources */ = {isa = PBXBuildFile; fileRef = 5D8710B12BB17EBF00959BFC /* Roboto-ThinItalic.ttf */; };
		5D8710BF2BB17EBF00959BFC /* Roboto-BoldItalic.ttf in Resources */ = {isa = PBXBuildFile; fileRef = 5D8710B22BB17EBF00959BFC /* Roboto-BoldItalic.ttf */; };
		5D8710C02BB17EBF00959BFC /* Roboto-LightItalic.ttf in Resources */ = {isa = PBXBuildFile; fileRef = 5D8710B32BB17EBF00959BFC /* Roboto-LightItalic.ttf */; };
		5D8710C12BB17EBF00959BFC /* Roboto-Italic.ttf in Resources */ = {isa = PBXBuildFile; fileRef = 5D8710B42BB17EBF00959BFC /* Roboto-Italic.ttf */; };
		5D8710C22BB17EBF00959BFC /* LICENSE.txt in Resources */ = {isa = PBXBuildFile; fileRef = 5D8710B52BB17EBF00959BFC /* LICENSE.txt */; };
		5D8710C32BB17EBF00959BFC /* Roboto-BlackItalic.ttf in Resources */ = {isa = PBXBuildFile; fileRef = 5D8710B62BB17EBF00959BFC /* Roboto-BlackItalic.ttf */; };
		5D8710C42BB17EBF00959BFC /* Roboto-Bold.ttf in Resources */ = {isa = PBXBuildFile; fileRef = 5D8710B72BB17EBF00959BFC /* Roboto-Bold.ttf */; };
		5D8710C52BB17EBF00959BFC /* Roboto-Thin.ttf in Resources */ = {isa = PBXBuildFile; fileRef = 5D8710B82BB17EBF00959BFC /* Roboto-Thin.ttf */; };
		5D8710C62BB17EBF00959BFC /* Roboto-Black.ttf in Resources */ = {isa = PBXBuildFile; fileRef = 5D8710B92BB17EBF00959BFC /* Roboto-Black.ttf */; };
		5D8710C92BB17FF600959BFC /* UIFont + extension.swift in Sources */ = {isa = PBXBuildFile; fileRef = 5D8710C82BB17FF600959BFC /* UIFont + extension.swift */; };
		5D8710CB2BB1AD0300959BFC /* UIColor + Extension .swift in Sources */ = {isa = PBXBuildFile; fileRef = 5D8710CA2BB1AD0300959BFC /* UIColor + Extension .swift */; };
		5D8710CE2BB1AEB400959BFC /* AppColors.swift in Sources */ = {isa = PBXBuildFile; fileRef = 5D8710CD2BB1AEB400959BFC /* AppColors.swift */; };
		5D8710D32BB1B12700959BFC /* Coordinator .swift in Sources */ = {isa = PBXBuildFile; fileRef = 5D8710D22BB1B12700959BFC /* Coordinator .swift */; };
		5D8710D52BB1B5AA00959BFC /* AppCoordinator.swift in Sources */ = {isa = PBXBuildFile; fileRef = 5D8710D42BB1B5AA00959BFC /* AppCoordinator.swift */; };
		5D8710D82BB1B6AC00959BFC /* OnboardingCoordinator .swift in Sources */ = {isa = PBXBuildFile; fileRef = 5D8710D72BB1B6AC00959BFC /* OnboardingCoordinator .swift */; };
/* End PBXBuildFile section */

/* Begin PBXFileReference section */
		5D8710902BB177EA00959BFC /* FoodDeliveryApp.app */ = {isa = PBXFileReference; explicitFileType = wrapper.application; includeInIndex = 0; path = FoodDeliveryApp.app; sourceTree = BUILT_PRODUCTS_DIR; };
		5D8710932BB177EA00959BFC /* AppDelegate.swift */ = {isa = PBXFileReference; lastKnownFileType = sourcecode.swift; path = AppDelegate.swift; sourceTree = "<group>"; };
		5D8710952BB177EA00959BFC /* SceneDelegate.swift */ = {isa = PBXFileReference; lastKnownFileType = sourcecode.swift; path = SceneDelegate.swift; sourceTree = "<group>"; };
		5D8710972BB177EA00959BFC /* ViewController.swift */ = {isa = PBXFileReference; lastKnownFileType = sourcecode.swift; path = ViewController.swift; sourceTree = "<group>"; };
		5D87109D2BB177EA00959BFC /* FoodDeliveryApp.xcdatamodel */ = {isa = PBXFileReference; lastKnownFileType = wrapper.xcdatamodel; path = FoodDeliveryApp.xcdatamodel; sourceTree = "<group>"; };
		5D87109F2BB177EC00959BFC /* Assets.xcassets */ = {isa = PBXFileReference; lastKnownFileType = folder.assetcatalog; path = Assets.xcassets; sourceTree = "<group>"; };
		5D8710A22BB177EC00959BFC /* Base */ = {isa = PBXFileReference; lastKnownFileType = file.storyboard; name = Base; path = Base.lproj/LaunchScreen.storyboard; sourceTree = "<group>"; };
		5D8710A42BB177EC00959BFC /* Info.plist */ = {isa = PBXFileReference; lastKnownFileType = text.plist.xml; path = Info.plist; sourceTree = "<group>"; };
		5D8710AD2BB17EBF00959BFC /* Roboto-Medium.ttf */ = {isa = PBXFileReference; lastKnownFileType = file; path = "Roboto-Medium.ttf"; sourceTree = "<group>"; };
		5D8710AE2BB17EBF00959BFC /* Roboto-Light.ttf */ = {isa = PBXFileReference; lastKnownFileType = file; path = "Roboto-Light.ttf"; sourceTree = "<group>"; };
		5D8710AF2BB17EBF00959BFC /* Roboto-Regular.ttf */ = {isa = PBXFileReference; lastKnownFileType = file; path = "Roboto-Regular.ttf"; sourceTree = "<group>"; };
		5D8710B02BB17EBF00959BFC /* Roboto-MediumItalic.ttf */ = {isa = PBXFileReference; lastKnownFileType = file; path = "Roboto-MediumItalic.ttf"; sourceTree = "<group>"; };
		5D8710B12BB17EBF00959BFC /* Roboto-ThinItalic.ttf */ = {isa = PBXFileReference; lastKnownFileType = file; path = "Roboto-ThinItalic.ttf"; sourceTree = "<group>"; };
		5D8710B22BB17EBF00959BFC /* Roboto-BoldItalic.ttf */ = {isa = PBXFileReference; lastKnownFileType = file; path = "Roboto-BoldItalic.ttf"; sourceTree = "<group>"; };
		5D8710B32BB17EBF00959BFC /* Roboto-LightItalic.ttf */ = {isa = PBXFileReference; lastKnownFileType = file; path = "Roboto-LightItalic.ttf"; sourceTree = "<group>"; };
		5D8710B42BB17EBF00959BFC /* Roboto-Italic.ttf */ = {isa = PBXFileReference; lastKnownFileType = file; path = "Roboto-Italic.ttf"; sourceTree = "<group>"; };
		5D8710B52BB17EBF00959BFC /* LICENSE.txt */ = {isa = PBXFileReference; fileEncoding = 4; lastKnownFileType = text; path = LICENSE.txt; sourceTree = "<group>"; };
		5D8710B62BB17EBF00959BFC /* Roboto-BlackItalic.ttf */ = {isa = PBXFileReference; lastKnownFileType = file; path = "Roboto-BlackItalic.ttf"; sourceTree = "<group>"; };
		5D8710B72BB17EBF00959BFC /* Roboto-Bold.ttf */ = {isa = PBXFileReference; lastKnownFileType = file; path = "Roboto-Bold.ttf"; sourceTree = "<group>"; };
		5D8710B82BB17EBF00959BFC /* Roboto-Thin.ttf */ = {isa = PBXFileReference; lastKnownFileType = file; path = "Roboto-Thin.ttf"; sourceTree = "<group>"; };
		5D8710B92BB17EBF00959BFC /* Roboto-Black.ttf */ = {isa = PBXFileReference; lastKnownFileType = file; path = "Roboto-Black.ttf"; sourceTree = "<group>"; };
		5D8710C82BB17FF600959BFC /* UIFont + extension.swift */ = {isa = PBXFileReference; lastKnownFileType = sourcecode.swift; path = "UIFont + extension.swift"; sourceTree = "<group>"; };
		5D8710CA2BB1AD0300959BFC /* UIColor + Extension .swift */ = {isa = PBXFileReference; lastKnownFileType = sourcecode.swift; path = "UIColor + Extension .swift"; sourceTree = "<group>"; };
		5D8710CD2BB1AEB400959BFC /* AppColors.swift */ = {isa = PBXFileReference; lastKnownFileType = sourcecode.swift; path = AppColors.swift; sourceTree = "<group>"; };
		5D8710D22BB1B12700959BFC /* Coordinator .swift */ = {isa = PBXFileReference; lastKnownFileType = sourcecode.swift; path = "Coordinator .swift"; sourceTree = "<group>"; };
		5D8710D42BB1B5AA00959BFC /* AppCoordinator.swift */ = {isa = PBXFileReference; lastKnownFileType = sourcecode.swift; path = AppCoordinator.swift; sourceTree = "<group>"; };
		5D8710D72BB1B6AC00959BFC /* OnboardingCoordinator .swift */ = {isa = PBXFileReference; lastKnownFileType = sourcecode.swift; path = "OnboardingCoordinator .swift"; sourceTree = "<group>"; };
/* End PBXFileReference section */

/* Begin PBXFrameworksBuildPhase section */
		5D87108D2BB177EA00959BFC /* Frameworks */ = {
			isa = PBXFrameworksBuildPhase;
			buildActionMask = 2147483647;
			files = (
			);
			runOnlyForDeploymentPostprocessing = 0;
		};
/* End PBXFrameworksBuildPhase section */

/* Begin PBXGroup section */
		5D8710872BB177EA00959BFC = {
			isa = PBXGroup;
			children = (
				5D8710922BB177EA00959BFC /* FoodDeliveryApp */,
				5D8710912BB177EA00959BFC /* Products */,
			);
			sourceTree = "<group>";
		};
		5D8710912BB177EA00959BFC /* Products */ = {
			isa = PBXGroup;
			children = (
				5D8710902BB177EA00959BFC /* FoodDeliveryApp.app */,
			);
			name = Products;
			sourceTree = "<group>";
		};
		5D8710922BB177EA00959BFC /* FoodDeliveryApp */ = {
			isa = PBXGroup;
			children = (
				5D8710CF2BB1B0ED00959BFC /* NavigationLayer */,
				5D8710AA2BB17E9500959BFC /* Resources */,
				5D8710932BB177EA00959BFC /* AppDelegate.swift */,
				5D8710952BB177EA00959BFC /* SceneDelegate.swift */,
				5D8710972BB177EA00959BFC /* ViewController.swift */,
				5D87109F2BB177EC00959BFC /* Assets.xcassets */,
				5D8710A12BB177EC00959BFC /* LaunchScreen.storyboard */,
				5D8710A42BB177EC00959BFC /* Info.plist */,
				5D87109C2BB177EA00959BFC /* FoodDeliveryApp.xcdatamodeld */,
			);
			path = FoodDeliveryApp;
			sourceTree = "<group>";
		};
		5D8710AA2BB17E9500959BFC /* Resources */ = {
			isa = PBXGroup;
			children = (
				5D8710CC2BB1AE9C00959BFC /* Colors */,
				5D8710C72BB17FE600959BFC /* Extension */,
				5D8710AB2BB17EA500959BFC /* Fonts  */,
			);
			path = Resources;
			sourceTree = "<group>";
		};
		5D8710AB2BB17EA500959BFC /* Fonts  */ = {
			isa = PBXGroup;
			children = (
				5D8710AC2BB17EBF00959BFC /* Roboto */,
			);
			path = "Fonts ";
			sourceTree = "<group>";
		};
		5D8710AC2BB17EBF00959BFC /* Roboto */ = {
			isa = PBXGroup;
			children = (
				5D8710B92BB17EBF00959BFC /* Roboto-Black.ttf */,
				5D8710B62BB17EBF00959BFC /* Roboto-BlackItalic.ttf */,
				5D8710B72BB17EBF00959BFC /* Roboto-Bold.ttf */,
				5D8710B22BB17EBF00959BFC /* Roboto-BoldItalic.ttf */,
				5D8710B42BB17EBF00959BFC /* Roboto-Italic.ttf */,
				5D8710AE2BB17EBF00959BFC /* Roboto-Light.ttf */,
				5D8710B32BB17EBF00959BFC /* Roboto-LightItalic.ttf */,
				5D8710AD2BB17EBF00959BFC /* Roboto-Medium.ttf */,
				5D8710B02BB17EBF00959BFC /* Roboto-MediumItalic.ttf */,
				5D8710AF2BB17EBF00959BFC /* Roboto-Regular.ttf */,
				5D8710B82BB17EBF00959BFC /* Roboto-Thin.ttf */,
				5D8710B12BB17EBF00959BFC /* Roboto-ThinItalic.ttf */,
				5D8710B52BB17EBF00959BFC /* LICENSE.txt */,
			);
			path = Roboto;
			sourceTree = "<group>";
		};
		5D8710C72BB17FE600959BFC /* Extension */ = {
			isa = PBXGroup;
			children = (
				5D8710C82BB17FF600959BFC /* UIFont + extension.swift */,
				5D8710CA2BB1AD0300959BFC /* UIColor + Extension .swift */,
			);
			path = Extension;
			sourceTree = "<group>";
		};
		5D8710CC2BB1AE9C00959BFC /* Colors */ = {
			isa = PBXGroup;
			children = (
				5D8710CD2BB1AEB400959BFC /* AppColors.swift */,
			);
			path = Colors;
			sourceTree = "<group>";
		};
		5D8710CF2BB1B0ED00959BFC /* NavigationLayer */ = {
			isa = PBXGroup;
			children = (
				5D8710D12BB1B10F00959BFC /* Coordinators */,
				5D8710D02BB1B10800959BFC /* Controller */,
			);
			path = NavigationLayer;
			sourceTree = "<group>";
		};
		5D8710D02BB1B10800959BFC /* Controller */ = {
			isa = PBXGroup;
			children = (
			);
			path = Controller;
			sourceTree = "<group>";
		};
		5D8710D12BB1B10F00959BFC /* Coordinators */ = {
			isa = PBXGroup;
			children = (
				5D8710D62BB1B68B00959BFC /* New Group */,
				5D8710D22BB1B12700959BFC /* Coordinator .swift */,
				5D8710D42BB1B5AA00959BFC /* AppCoordinator.swift */,
			);
			path = Coordinators;
			sourceTree = "<group>";
		};
		5D8710D62BB1B68B00959BFC /* New Group */ = {
			isa = PBXGroup;
			children = (
				5D8710D72BB1B6AC00959BFC /* OnboardingCoordinator .swift */,
			);
			path = "New Group";
			sourceTree = "<group>";
		};
/* End PBXGroup section */

/* Begin PBXNativeTarget section */
		5D87108F2BB177EA00959BFC /* FoodDeliveryApp */ = {
			isa = PBXNativeTarget;
			buildConfigurationList = 5D8710A72BB177EC00959BFC /* Build configuration list for PBXNativeTarget "FoodDeliveryApp" */;
			buildPhases = (
				5D87108C2BB177EA00959BFC /* Sources */,
				5D87108D2BB177EA00959BFC /* Frameworks */,
				5D87108E2BB177EA00959BFC /* Resources */,
			);
			buildRules = (
			);
			dependencies = (
			);
			name = FoodDeliveryApp;
			productName = FoodDeliveryApp;
			productReference = 5D8710902BB177EA00959BFC /* FoodDeliveryApp.app */;
			productType = "com.apple.product-type.application";
		};
/* End PBXNativeTarget section */

/* Begin PBXProject section */
		5D8710882BB177EA00959BFC /* Project object */ = {
			isa = PBXProject;
			attributes = {
				BuildIndependentTargetsInParallel = 1;
				LastSwiftUpdateCheck = 1330;
				LastUpgradeCheck = 1330;
				TargetAttributes = {
					5D87108F2BB177EA00959BFC = {
						CreatedOnToolsVersion = 13.3;
					};
				};
			};
			buildConfigurationList = 5D87108B2BB177EA00959BFC /* Build configuration list for PBXProject "FoodDeliveryApp" */;
			compatibilityVersion = "Xcode 13.0";
			developmentRegion = en;
			hasScannedForEncodings = 0;
			knownRegions = (
				en,
				Base,
			);
			mainGroup = 5D8710872BB177EA00959BFC;
			productRefGroup = 5D8710912BB177EA00959BFC /* Products */;
			projectDirPath = "";
			projectRoot = "";
			targets = (
				5D87108F2BB177EA00959BFC /* FoodDeliveryApp */,
			);
		};
/* End PBXProject section */

/* Begin PBXResourcesBuildPhase section */
		5D87108E2BB177EA00959BFC /* Resources */ = {
			isa = PBXResourcesBuildPhase;
			buildActionMask = 2147483647;
			files = (
				5D8710C52BB17EBF00959BFC /* Roboto-Thin.ttf in Resources */,
				5D8710C22BB17EBF00959BFC /* LICENSE.txt in Resources */,
				5D8710C62BB17EBF00959BFC /* Roboto-Black.ttf in Resources */,
				5D8710C42BB17EBF00959BFC /* Roboto-Bold.ttf in Resources */,
				5D8710A32BB177EC00959BFC /* LaunchScreen.storyboard in Resources */,
				5D8710A02BB177EC00959BFC /* Assets.xcassets in Resources */,
				5D8710BF2BB17EBF00959BFC /* Roboto-BoldItalic.ttf in Resources */,
				5D8710BC2BB17EBF00959BFC /* Roboto-Regular.ttf in Resources */,
				5D8710BE2BB17EBF00959BFC /* Roboto-ThinItalic.ttf in Resources */,
				5D8710C02BB17EBF00959BFC /* Roboto-LightItalic.ttf in Resources */,
				5D8710C32BB17EBF00959BFC /* Roboto-BlackItalic.ttf in Resources */,
				5D8710BB2BB17EBF00959BFC /* Roboto-Light.ttf in Resources */,
				5D8710C12BB17EBF00959BFC /* Roboto-Italic.ttf in Resources */,
				5D8710BD2BB17EBF00959BFC /* Roboto-MediumItalic.ttf in Resources */,
				5D8710BA2BB17EBF00959BFC /* Roboto-Medium.ttf in Resources */,
			);
			runOnlyForDeploymentPostprocessing = 0;
		};
/* End PBXResourcesBuildPhase section */

/* Begin PBXSourcesBuildPhase section */
		5D87108C2BB177EA00959BFC /* Sources */ = {
			isa = PBXSourcesBuildPhase;
			buildActionMask = 2147483647;
			files = (
				5D8710CB2BB1AD0300959BFC /* UIColor + Extension .swift in Sources */,
				5D8710D32BB1B12700959BFC /* Coordinator .swift in Sources */,
				5D8710D82BB1B6AC00959BFC /* OnboardingCoordinator .swift in Sources */,
				5D8710982BB177EA00959BFC /* ViewController.swift in Sources */,
				5D87109E2BB177EA00959BFC /* FoodDeliveryApp.xcdatamodeld in Sources */,
				5D8710C92BB17FF600959BFC /* UIFont + extension.swift in Sources */,
				5D8710CE2BB1AEB400959BFC /* AppColors.swift in Sources */,
				5D8710D52BB1B5AA00959BFC /* AppCoordinator.swift in Sources */,
				5D8710942BB177EA00959BFC /* AppDelegate.swift in Sources */,
				5D8710962BB177EA00959BFC /* SceneDelegate.swift in Sources */,
			);
			runOnlyForDeploymentPostprocessing = 0;
		};
/* End PBXSourcesBuildPhase section */

/* Begin PBXVariantGroup section */
		5D8710A12BB177EC00959BFC /* LaunchScreen.storyboard */ = {
			isa = PBXVariantGroup;
			children = (
				5D8710A22BB177EC00959BFC /* Base */,
			);
			name = LaunchScreen.storyboard;
			sourceTree = "<group>";
		};
/* End PBXVariantGroup section */

/* Begin XCBuildConfiguration section */
		5D8710A52BB177EC00959BFC /* Debug */ = {
			isa = XCBuildConfiguration;
			buildSettings = {
				ALWAYS_SEARCH_USER_PATHS = NO;
				CLANG_ANALYZER_NONNULL = YES;
				CLANG_ANALYZER_NUMBER_OBJECT_CONVERSION = YES_AGGRESSIVE;
				CLANG_CXX_LANGUAGE_STANDARD = "gnu++17";
				CLANG_ENABLE_MODULES = YES;
				CLANG_ENABLE_OBJC_ARC = YES;
				CLANG_ENABLE_OBJC_WEAK = YES;
				CLANG_WARN_BLOCK_CAPTURE_AUTORELEASING = YES;
				CLANG_WARN_BOOL_CONVERSION = YES;
				CLANG_WARN_COMMA = YES;
				CLANG_WARN_CONSTANT_CONVERSION = YES;
				CLANG_WARN_DEPRECATED_OBJC_IMPLEMENTATIONS = YES;
				CLANG_WARN_DIRECT_OBJC_ISA_USAGE = YES_ERROR;
				CLANG_WARN_DOCUMENTATION_COMMENTS = YES;
				CLANG_WARN_EMPTY_BODY = YES;
				CLANG_WARN_ENUM_CONVERSION = YES;
				CLANG_WARN_INFINITE_RECURSION = YES;
				CLANG_WARN_INT_CONVERSION = YES;
				CLANG_WARN_NON_LITERAL_NULL_CONVERSION = YES;
				CLANG_WARN_OBJC_IMPLICIT_RETAIN_SELF = YES;
				CLANG_WARN_OBJC_LITERAL_CONVERSION = YES;
				CLANG_WARN_OBJC_ROOT_CLASS = YES_ERROR;
				CLANG_WARN_QUOTED_INCLUDE_IN_FRAMEWORK_HEADER = YES;
				CLANG_WARN_RANGE_LOOP_ANALYSIS = YES;
				CLANG_WARN_STRICT_PROTOTYPES = YES;
				CLANG_WARN_SUSPICIOUS_MOVE = YES;
				CLANG_WARN_UNGUARDED_AVAILABILITY = YES_AGGRESSIVE;
				CLANG_WARN_UNREACHABLE_CODE = YES;
				CLANG_WARN__DUPLICATE_METHOD_MATCH = YES;
				COPY_PHASE_STRIP = NO;
				DEBUG_INFORMATION_FORMAT = dwarf;
				ENABLE_STRICT_OBJC_MSGSEND = YES;
				ENABLE_TESTABILITY = YES;
				GCC_C_LANGUAGE_STANDARD = gnu11;
				GCC_DYNAMIC_NO_PIC = NO;
				GCC_NO_COMMON_BLOCKS = YES;
				GCC_OPTIMIZATION_LEVEL = 0;
				GCC_PREPROCESSOR_DEFINITIONS = (
					"DEBUG=1",
					"$(inherited)",
				);
				GCC_WARN_64_TO_32_BIT_CONVERSION = YES;
				GCC_WARN_ABOUT_RETURN_TYPE = YES_ERROR;
				GCC_WARN_UNDECLARED_SELECTOR = YES;
				GCC_WARN_UNINITIALIZED_AUTOS = YES_AGGRESSIVE;
				GCC_WARN_UNUSED_FUNCTION = YES;
				GCC_WARN_UNUSED_VARIABLE = YES;
				IPHONEOS_DEPLOYMENT_TARGET = 15.4;
				MTL_ENABLE_DEBUG_INFO = INCLUDE_SOURCE;
				MTL_FAST_MATH = YES;
				ONLY_ACTIVE_ARCH = YES;
				SDKROOT = iphoneos;
				SWIFT_ACTIVE_COMPILATION_CONDITIONS = DEBUG;
				SWIFT_OPTIMIZATION_LEVEL = "-Onone";
			};
			name = Debug;
		};
		5D8710A62BB177EC00959BFC /* Release */ = {
			isa = XCBuildConfiguration;
			buildSettings = {
				ALWAYS_SEARCH_USER_PATHS = NO;
				CLANG_ANALYZER_NONNULL = YES;
				CLANG_ANALYZER_NUMBER_OBJECT_CONVERSION = YES_AGGRESSIVE;
				CLANG_CXX_LANGUAGE_STANDARD = "gnu++17";
				CLANG_ENABLE_MODULES = YES;
				CLANG_ENABLE_OBJC_ARC = YES;
				CLANG_ENABLE_OBJC_WEAK = YES;
				CLANG_WARN_BLOCK_CAPTURE_AUTORELEASING = YES;
				CLANG_WARN_BOOL_CONVERSION = YES;
				CLANG_WARN_COMMA = YES;
				CLANG_WARN_CONSTANT_CONVERSION = YES;
				CLANG_WARN_DEPRECATED_OBJC_IMPLEMENTATIONS = YES;
				CLANG_WARN_DIRECT_OBJC_ISA_USAGE = YES_ERROR;
				CLANG_WARN_DOCUMENTATION_COMMENTS = YES;
				CLANG_WARN_EMPTY_BODY = YES;
				CLANG_WARN_ENUM_CONVERSION = YES;
				CLANG_WARN_INFINITE_RECURSION = YES;
				CLANG_WARN_INT_CONVERSION = YES;
				CLANG_WARN_NON_LITERAL_NULL_CONVERSION = YES;
				CLANG_WARN_OBJC_IMPLICIT_RETAIN_SELF = YES;
				CLANG_WARN_OBJC_LITERAL_CONVERSION = YES;
				CLANG_WARN_OBJC_ROOT_CLASS = YES_ERROR;
				CLANG_WARN_QUOTED_INCLUDE_IN_FRAMEWORK_HEADER = YES;
				CLANG_WARN_RANGE_LOOP_ANALYSIS = YES;
				CLANG_WARN_STRICT_PROTOTYPES = YES;
				CLANG_WARN_SUSPICIOUS_MOVE = YES;
				CLANG_WARN_UNGUARDED_AVAILABILITY = YES_AGGRESSIVE;
				CLANG_WARN_UNREACHABLE_CODE = YES;
				CLANG_WARN__DUPLICATE_METHOD_MATCH = YES;
				COPY_PHASE_STRIP = NO;
				DEBUG_INFORMATION_FORMAT = "dwarf-with-dsym";
				ENABLE_NS_ASSERTIONS = NO;
				ENABLE_STRICT_OBJC_MSGSEND = YES;
				GCC_C_LANGUAGE_STANDARD = gnu11;
				GCC_NO_COMMON_BLOCKS = YES;
				GCC_WARN_64_TO_32_BIT_CONVERSION = YES;
				GCC_WARN_ABOUT_RETURN_TYPE = YES_ERROR;
				GCC_WARN_UNDECLARED_SELECTOR = YES;
				GCC_WARN_UNINITIALIZED_AUTOS = YES_AGGRESSIVE;
				GCC_WARN_UNUSED_FUNCTION = YES;
				GCC_WARN_UNUSED_VARIABLE = YES;
				IPHONEOS_DEPLOYMENT_TARGET = 15.4;
				MTL_ENABLE_DEBUG_INFO = NO;
				MTL_FAST_MATH = YES;
				SDKROOT = iphoneos;
				SWIFT_COMPILATION_MODE = wholemodule;
				SWIFT_OPTIMIZATION_LEVEL = "-O";
				VALIDATE_PRODUCT = YES;
			};
			name = Release;
		};
		5D8710A82BB177EC00959BFC /* Debug */ = {
			isa = XCBuildConfiguration;
			buildSettings = {
				ASSETCATALOG_COMPILER_APPICON_NAME = AppIcon;
				ASSETCATALOG_COMPILER_GLOBAL_ACCENT_COLOR_NAME = AccentColor;
				CODE_SIGN_STYLE = Automatic;
				CURRENT_PROJECT_VERSION = 1;
				GENERATE_INFOPLIST_FILE = YES;
				INFOPLIST_FILE = FoodDeliveryApp/Info.plist;
				INFOPLIST_KEY_UIApplicationSupportsIndirectInputEvents = YES;
				INFOPLIST_KEY_UILaunchStoryboardName = LaunchScreen;
				INFOPLIST_KEY_UISupportedInterfaceOrientations_iPad = "UIInterfaceOrientationPortrait UIInterfaceOrientationPortraitUpsideDown UIInterfaceOrientationLandscapeLeft UIInterfaceOrientationLandscapeRight";
				INFOPLIST_KEY_UISupportedInterfaceOrientations_iPhone = "UIInterfaceOrientationPortrait UIInterfaceOrientationLandscapeLeft UIInterfaceOrientationLandscapeRight";
				LD_RUNPATH_SEARCH_PATHS = (
					"$(inherited)",
					"@executable_path/Frameworks",
				);
				MARKETING_VERSION = 1.0;
				PRODUCT_BUNDLE_IDENTIFIER = "-.FoodDeliveryApp";
				PRODUCT_NAME = "$(TARGET_NAME)";
				SWIFT_EMIT_LOC_STRINGS = YES;
				SWIFT_VERSION = 5.0;
				TARGETED_DEVICE_FAMILY = "1,2";
			};
			name = Debug;
		};
		5D8710A92BB177EC00959BFC /* Release */ = {
			isa = XCBuildConfiguration;
			buildSettings = {
				ASSETCATALOG_COMPILER_APPICON_NAME = AppIcon;
				ASSETCATALOG_COMPILER_GLOBAL_ACCENT_COLOR_NAME = AccentColor;
				CODE_SIGN_STYLE = Automatic;
				CURRENT_PROJECT_VERSION = 1;
				GENERATE_INFOPLIST_FILE = YES;
				INFOPLIST_FILE = FoodDeliveryApp/Info.plist;
				INFOPLIST_KEY_UIApplicationSupportsIndirectInputEvents = YES;
				INFOPLIST_KEY_UILaunchStoryboardName = LaunchScreen;
				INFOPLIST_KEY_UISupportedInterfaceOrientations_iPad = "UIInterfaceOrientationPortrait UIInterfaceOrientationPortraitUpsideDown UIInterfaceOrientationLandscapeLeft UIInterfaceOrientationLandscapeRight";
				INFOPLIST_KEY_UISupportedInterfaceOrientations_iPhone = "UIInterfaceOrientationPortrait UIInterfaceOrientationLandscapeLeft UIInterfaceOrientationLandscapeRight";
				LD_RUNPATH_SEARCH_PATHS = (
					"$(inherited)",
					"@executable_path/Frameworks",
				);
				MARKETING_VERSION = 1.0;
				PRODUCT_BUNDLE_IDENTIFIER = "-.FoodDeliveryApp";
				PRODUCT_NAME = "$(TARGET_NAME)";
				SWIFT_EMIT_LOC_STRINGS = YES;
				SWIFT_VERSION = 5.0;
				TARGETED_DEVICE_FAMILY = "1,2";
			};
			name = Release;
		};
/* End XCBuildConfiguration section */

/* Begin XCConfigurationList section */
		5D87108B2BB177EA00959BFC /* Build configuration list for PBXProject "FoodDeliveryApp" */ = {
			isa = XCConfigurationList;
			buildConfigurations = (
				5D8710A52BB177EC00959BFC /* Debug */,
				5D8710A62BB177EC00959BFC /* Release */,
			);
			defaultConfigurationIsVisible = 0;
			defaultConfigurationName = Release;
		};
		5D8710A72BB177EC00959BFC /* Build configuration list for PBXNativeTarget "FoodDeliveryApp" */ = {
			isa = XCConfigurationList;
			buildConfigurations = (
				5D8710A82BB177EC00959BFC /* Debug */,
				5D8710A92BB177EC00959BFC /* Release */,
			);
			defaultConfigurationIsVisible = 0;
			defaultConfigurationName = Release;
		};
/* End XCConfigurationList section */

/* Begin XCVersionGroup section */
		5D87109C2BB177EA00959BFC /* FoodDeliveryApp.xcdatamodeld */ = {
			isa = XCVersionGroup;
			children = (
				5D87109D2BB177EA00959BFC /* FoodDeliveryApp.xcdatamodel */,
			);
			currentVersion = 5D87109D2BB177EA00959BFC /* FoodDeliveryApp.xcdatamodel */;
			path = FoodDeliveryApp.xcdatamodeld;
			sourceTree = "<group>";
			versionGroupType = wrapper.xcdatamodel;
		};
/* End XCVersionGroup section */
	};
	rootObject = 5D8710882BB177EA00959BFC /* Project object */;
}
